
Microsoft Visual Studio Solution File, Format Version 12.00
# Visual Studio Version 16
VisualStudioVersion = 16.0.31515.178
MinimumVisualStudioVersion = 10.0.40219.1
Project("{2150E333-8FDC-42A3-9474-1A3956D46DE8}") = "Solution Items", "Solution Items", "{5C4905D3-9322-4F6D-AE1E-9EE03F5BB982}"
	ProjectSection(SolutionItems) = preProject
		Directory.Build.props = Directory.Build.props
		Directory.Build.targets = Directory.Build.targets
		stylecop.json = stylecop.json
		stylecop.ruleset = stylecop.ruleset
	EndProjectSection
EndProject
Project("{2150E333-8FDC-42A3-9474-1A3956D46DE8}") = "src", "src", "{04EE81BC-6E18-400A-BA56-ABF05BCCFC36}"
EndProject
Project("{FAE04EC0-301F-11D3-BF4B-00C04F79EFBC}") = "Jmw.AppInitializer", "Jmw.AppInitializer\Jmw.AppInitializer.csproj", "{51E8CDC6-4BE8-41DD-AE50-D7F00718C61D}"
EndProject
Global
	GlobalSection(SolutionConfigurationPlatforms) = preSolution
		Debug|Any CPU = Debug|Any CPU
		Release|Any CPU = Release|Any CPU
	EndGlobalSection
	GlobalSection(ProjectConfigurationPlatforms) = postSolution
		{51E8CDC6-4BE8-41DD-AE50-D7F00718C61D}.Debug|Any CPU.ActiveCfg = Debug|Any CPU
		{51E8CDC6-4BE8-41DD-AE50-D7F00718C61D}.Debug|Any CPU.Build.0 = Debug|Any CPU
		{51E8CDC6-4BE8-41DD-AE50-D7F00718C61D}.Release|Any CPU.ActiveCfg = Release|Any CPU
		{51E8CDC6-4BE8-41DD-AE50-D7F00718C61D}.Release|Any CPU.Build.0 = Release|Any CPU
	EndGlobalSection
	GlobalSection(SolutionProperties) = preSolution
		HideSolutionNode = FALSE
	EndGlobalSection
	GlobalSection(NestedProjects) = preSolution
		{51E8CDC6-4BE8-41DD-AE50-D7F00718C61D} = {04EE81BC-6E18-400A-BA56-ABF05BCCFC36}
	EndGlobalSection
	GlobalSection(ExtensibilityGlobals) = postSolution
		SolutionGuid = {9A7EA809-17A1-47CE-B9C0-E3170A000A7C}
	EndGlobalSection
EndGlobal
